
Microsoft Visual Studio Solution File, Format Version 12.00
# Visual Studio Version 16
VisualStudioVersion = 16.0.29503.13
MinimumVisualStudioVersion = 10.0.40219.1
Project("{9A19103F-16F7-4668-BE54-9A1E7A4F7556}") = "AzureFunctionDemo", "AzureFunctions\AzureFunctionDemo.csproj", "{54E42ED4-D147-4DD4-9564-5861B8783976}"
EndProject
Project("{9A19103F-16F7-4668-BE54-9A1E7A4F7556}") = "UnitTests", "UnitTests\UnitTests.csproj", "{D46C2218-4D79-428B-AA26-0839E53D6855}"
EndProject
Global
	GlobalSection(SolutionConfigurationPlatforms) = preSolution
		Debug|Any CPU = Debug|Any CPU
		Release|Any CPU = Release|Any CPU
	EndGlobalSection
	GlobalSection(ProjectConfigurationPlatforms) = postSolution
		{54E42ED4-D147-4DD4-9564-5861B8783976}.Debug|Any CPU.ActiveCfg = Debug|Any CPU
		{54E42ED4-D147-4DD4-9564-5861B8783976}.Debug|Any CPU.Build.0 = Debug|Any CPU
		{54E42ED4-D147-4DD4-9564-5861B8783976}.Release|Any CPU.ActiveCfg = Release|Any CPU
		{54E42ED4-D147-4DD4-9564-5861B8783976}.Release|Any CPU.Build.0 = Release|Any CPU
		{D46C2218-4D79-428B-AA26-0839E53D6855}.Debug|Any CPU.ActiveCfg = Debug|Any CPU
		{D46C2218-4D79-428B-AA26-0839E53D6855}.Debug|Any CPU.Build.0 = Debug|Any CPU
		{D46C2218-4D79-428B-AA26-0839E53D6855}.Release|Any CPU.ActiveCfg = Release|Any CPU
		{D46C2218-4D79-428B-AA26-0839E53D6855}.Release|Any CPU.Build.0 = Release|Any CPU
	EndGlobalSection
	GlobalSection(SolutionProperties) = preSolution
		HideSolutionNode = FALSE
	EndGlobalSection
	GlobalSection(ExtensibilityGlobals) = postSolution
		SolutionGuid = {D6284A34-8D35-4CC1-AB81-679781B67DC6}
	EndGlobalSection
EndGlobal
